# THIS IS AN AUTOGENERATED FILE. DO NOT EDIT THIS FILE DIRECTLY.
# yarn lockfile v1


"axios@^0.20.0":
  "integrity" "sha1-BXujDwSIRpSZOozQf6OUz/EcUL0="
  "resolved" "https://registry.npm.taobao.org/axios/download/axios-0.20.0.tgz?cache=0&sync_timestamp=1597979633356&other_urls=https%3A%2F%2Fregistry.npm.taobao.org%2Faxios%2Fdownload%2Faxios-0.20.0.tgz"
  "version" "0.20.0"
  dependencies:
    "follow-redirects" "^1.10.0"

"follow-redirects@^1.10.0":
  "integrity" "sha1-tC6Nk6Kn7qXtiGM2dtZZe8jjhNs="
  "resolved" "https://registry.npm.taobao.org/follow-redirects/download/follow-redirects-1.13.0.tgz?cache=0&sync_timestamp=1597057976909&other_urls=https%3A%2F%2Fregistry.npm.taobao.org%2Ffollow-redirects%2Fdownload%2Ffollow-redirects-1.13.0.tgz"
  "version" "1.13.0"

"highcharts@^8.2.0":
  "integrity" "sha1-PUiTAVyvGnye2FKE2YORHoRGSfM="
  "resolved" "https://registry.npm.taobao.org/highcharts/download/highcharts-8.2.0.tgz?cache=0&sync_timestamp=1597919354751&other_urls=https%3A%2F%2Fregistry.npm.taobao.org%2Fhighcharts%2Fdownload%2Fhighcharts-8.2.0.tgz"
  "version" "8.2.0"

"lodash@^4.17.20":
  "integrity" "sha1-tEqbYpe8tpjxxRo1RaKzs2jVnFI="
  "resolved" "https://registry.npm.taobao.org/lodash/download/lodash-4.17.20.tgz?cache=0&sync_timestamp=1597335994883&other_urls=https%3A%2F%2Fregistry.npm.taobao.org%2Flodash%2Fdownload%2Flodash-4.17.20.tgz"
  "version" "4.17.20"

"qs@^6.9.4":
  "integrity" "sha1-kJCykNH5FyjTwi5UhDykSupatoc="
  "resolved" "https://registry.npm.taobao.org/qs/download/qs-6.9.4.tgz"
  "version" "6.9.4"

"vue-i18n@^8.21.0":
  "integrity" "sha1-UmRQUl/buch3aFtbpsuVc7c9OUA="
  "resolved" "https://registry.npm.taobao.org/vue-i18n/download/vue-i18n-8.21.0.tgz?cache=0&sync_timestamp=1597336528269&other_urls=https%3A%2F%2Fregistry.npm.taobao.org%2Fvue-i18n%2Fdownload%2Fvue-i18n-8.21.0.tgz"
  "version" "8.21.0"

"vuex@^3.5.1":
  "integrity" "sha1-8bjc6mSbwlJUz09DWAgdv12hiz0="
  "resolved" "https://registry.npm.taobao.org/vuex/download/vuex-3.5.1.tgz"
  "version" "3.5.1"
